
Microsoft Visual Studio Solution File, Format Version 12.00
Project("{FAE04EC0-301F-11D3-BF4B-00C04F79EFBC}") = "Basic", "Basic\Basic.csproj", "{9BEB8A7E-0E52-4BEE-9AD3-CF6E06E593DF}"
EndProject
Project("{FAE04EC0-301F-11D3-BF4B-00C04F79EFBC}") = "BranchingStatement", "BranchingStatement\BranchingStatement.csproj", "{F13F773A-F095-400F-8BCC-660B4AB24FB5}"
EndProject
Project("{FAE04EC0-301F-11D3-BF4B-00C04F79EFBC}") = "LoopStatement", "LoopStatement\LoopStatement.csproj", "{79DAC015-34CE-4330-9BDC-BB7FE8C720A4}"
EndProject
Project("{FAE04EC0-301F-11D3-BF4B-00C04F79EFBC}") = "Method", "Method\Method.csproj", "{8C54E1D1-8F43-4F50-BA09-3C56BDB3C292}"
EndProject
Project("{FAE04EC0-301F-11D3-BF4B-00C04F79EFBC}") = "OOPAndClass", "OOPAndClass\OOPAndClass.csproj", "{13948B44-ECD6-4892-B83B-5599EFCA8CCD}"
EndProject
Project("{FAE04EC0-301F-11D3-BF4B-00C04F79EFBC}") = "InterfaceAndAbstract", "InterfaceAndAbstract\InterfaceAndAbstract.csproj", "{03A4CD09-3832-4070-8050-025BE24B25E9}"
EndProject
Project("{FAE04EC0-301F-11D3-BF4B-00C04F79EFBC}") = "Array", "Array\Array.csproj", "{0F17802A-D292-4F31-A9BB-A2E455E54BF3}"
EndProject
Project("{FAE04EC0-301F-11D3-BF4B-00C04F79EFBC}") = "ExceptionHandling", "ExceptionHandling\ExceptionHandling.csproj", "{81D90038-00DD-4162-845B-0D049F27BF10}"
EndProject
Project("{FAE04EC0-301F-11D3-BF4B-00C04F79EFBC}") = "DelegateAndEvent", "DelegateAndEvent\DelegateAndEvent.csproj", "{A6E1A5EA-3803-4868-B42F-A1E38BCA626E}"
EndProject
Global
	GlobalSection(SolutionConfigurationPlatforms) = preSolution
		Debug|Any CPU = Debug|Any CPU
		Release|Any CPU = Release|Any CPU
	EndGlobalSection
	GlobalSection(ProjectConfigurationPlatforms) = postSolution
		{9BEB8A7E-0E52-4BEE-9AD3-CF6E06E593DF}.Debug|Any CPU.ActiveCfg = Debug|Any CPU
		{9BEB8A7E-0E52-4BEE-9AD3-CF6E06E593DF}.Debug|Any CPU.Build.0 = Debug|Any CPU
		{9BEB8A7E-0E52-4BEE-9AD3-CF6E06E593DF}.Release|Any CPU.ActiveCfg = Release|Any CPU
		{9BEB8A7E-0E52-4BEE-9AD3-CF6E06E593DF}.Release|Any CPU.Build.0 = Release|Any CPU
		{F13F773A-F095-400F-8BCC-660B4AB24FB5}.Debug|Any CPU.ActiveCfg = Debug|Any CPU
		{F13F773A-F095-400F-8BCC-660B4AB24FB5}.Debug|Any CPU.Build.0 = Debug|Any CPU
		{F13F773A-F095-400F-8BCC-660B4AB24FB5}.Release|Any CPU.ActiveCfg = Release|Any CPU
		{F13F773A-F095-400F-8BCC-660B4AB24FB5}.Release|Any CPU.Build.0 = Release|Any CPU
		{79DAC015-34CE-4330-9BDC-BB7FE8C720A4}.Debug|Any CPU.ActiveCfg = Debug|Any CPU
		{79DAC015-34CE-4330-9BDC-BB7FE8C720A4}.Debug|Any CPU.Build.0 = Debug|Any CPU
		{79DAC015-34CE-4330-9BDC-BB7FE8C720A4}.Release|Any CPU.ActiveCfg = Release|Any CPU
		{79DAC015-34CE-4330-9BDC-BB7FE8C720A4}.Release|Any CPU.Build.0 = Release|Any CPU
		{8C54E1D1-8F43-4F50-BA09-3C56BDB3C292}.Debug|Any CPU.ActiveCfg = Debug|Any CPU
		{8C54E1D1-8F43-4F50-BA09-3C56BDB3C292}.Debug|Any CPU.Build.0 = Debug|Any CPU
		{8C54E1D1-8F43-4F50-BA09-3C56BDB3C292}.Release|Any CPU.ActiveCfg = Release|Any CPU
		{8C54E1D1-8F43-4F50-BA09-3C56BDB3C292}.Release|Any CPU.Build.0 = Release|Any CPU
		{13948B44-ECD6-4892-B83B-5599EFCA8CCD}.Debug|Any CPU.ActiveCfg = Debug|Any CPU
		{13948B44-ECD6-4892-B83B-5599EFCA8CCD}.Debug|Any CPU.Build.0 = Debug|Any CPU
		{13948B44-ECD6-4892-B83B-5599EFCA8CCD}.Release|Any CPU.ActiveCfg = Release|Any CPU
		{13948B44-ECD6-4892-B83B-5599EFCA8CCD}.Release|Any CPU.Build.0 = Release|Any CPU
		{03A4CD09-3832-4070-8050-025BE24B25E9}.Debug|Any CPU.ActiveCfg = Debug|Any CPU
		{03A4CD09-3832-4070-8050-025BE24B25E9}.Debug|Any CPU.Build.0 = Debug|Any CPU
		{03A4CD09-3832-4070-8050-025BE24B25E9}.Release|Any CPU.ActiveCfg = Release|Any CPU
		{03A4CD09-3832-4070-8050-025BE24B25E9}.Release|Any CPU.Build.0 = Release|Any CPU
		{0F17802A-D292-4F31-A9BB-A2E455E54BF3}.Debug|Any CPU.ActiveCfg = Debug|Any CPU
		{0F17802A-D292-4F31-A9BB-A2E455E54BF3}.Debug|Any CPU.Build.0 = Debug|Any CPU
		{0F17802A-D292-4F31-A9BB-A2E455E54BF3}.Release|Any CPU.ActiveCfg = Release|Any CPU
		{0F17802A-D292-4F31-A9BB-A2E455E54BF3}.Release|Any CPU.Build.0 = Release|Any CPU
		{81D90038-00DD-4162-845B-0D049F27BF10}.Debug|Any CPU.ActiveCfg = Debug|Any CPU
		{81D90038-00DD-4162-845B-0D049F27BF10}.Debug|Any CPU.Build.0 = Debug|Any CPU
		{81D90038-00DD-4162-845B-0D049F27BF10}.Release|Any CPU.ActiveCfg = Release|Any CPU
		{81D90038-00DD-4162-845B-0D049F27BF10}.Release|Any CPU.Build.0 = Release|Any CPU
		{A6E1A5EA-3803-4868-B42F-A1E38BCA626E}.Debug|Any CPU.ActiveCfg = Debug|Any CPU
		{A6E1A5EA-3803-4868-B42F-A1E38BCA626E}.Debug|Any CPU.Build.0 = Debug|Any CPU
		{A6E1A5EA-3803-4868-B42F-A1E38BCA626E}.Release|Any CPU.ActiveCfg = Release|Any CPU
		{A6E1A5EA-3803-4868-B42F-A1E38BCA626E}.Release|Any CPU.Build.0 = Release|Any CPU
	EndGlobalSection
EndGlobal
